
Microsoft Visual Studio Solution File, Format Version 12.00
# Visual Studio Version 16
VisualStudioVersion = 16.0.29102.190
MinimumVisualStudioVersion = 10.0.40219.1
Project("{FAE04EC0-301F-11D3-BF4B-00C04F79EFBC}") = "WindowsFormsApp4", "WindowsFormsApp4\WindowsFormsApp4.csproj", "{D195EA01-582D-447F-9587-80E9C373208A}"
EndProject
Global
	GlobalSection(SolutionConfigurationPlatforms) = preSolution
		Debug|Any CPU = Debug|Any CPU
		Release|Any CPU = Release|Any CPU
	EndGlobalSection
	GlobalSection(ProjectConfigurationPlatforms) = postSolution
		{D195EA01-582D-447F-9587-80E9C373208A}.Debug|Any CPU.ActiveCfg = Debug|Any CPU
		{D195EA01-582D-447F-9587-80E9C373208A}.Debug|Any CPU.Build.0 = Debug|Any CPU
		{D195EA01-582D-447F-9587-80E9C373208A}.Release|Any CPU.ActiveCfg = Release|Any CPU
		{D195EA01-582D-447F-9587-80E9C373208A}.Release|Any CPU.Build.0 = Release|Any CPU
	EndGlobalSection
	GlobalSection(SolutionProperties) = preSolution
		HideSolutionNode = FALSE
	EndGlobalSection
	GlobalSection(ExtensibilityGlobals) = postSolution
		SolutionGuid = {5B2AAA26-9789-4D0F-8E60-D7C774F2A286}
	EndGlobalSection
EndGlobal
