
Microsoft Visual Studio Solution File, Format Version 12.00
# Visual Studio Version 16
VisualStudioVersion = 16.0.29102.190
MinimumVisualStudioVersion = 10.0.40219.1
Project("{FAE04EC0-301F-11D3-BF4B-00C04F79EFBC}") = "WindowsFormsApp3", "WindowsFormsApp3\WindowsFormsApp3.csproj", "{C66D2105-A2E0-46CD-BF02-AA31992967B7}"
EndProject
Global
	GlobalSection(SolutionConfigurationPlatforms) = preSolution
		Debug|Any CPU = Debug|Any CPU
		Release|Any CPU = Release|Any CPU
	EndGlobalSection
	GlobalSection(ProjectConfigurationPlatforms) = postSolution
		{C66D2105-A2E0-46CD-BF02-AA31992967B7}.Debug|Any CPU.ActiveCfg = Debug|Any CPU
		{C66D2105-A2E0-46CD-BF02-AA31992967B7}.Debug|Any CPU.Build.0 = Debug|Any CPU
		{C66D2105-A2E0-46CD-BF02-AA31992967B7}.Release|Any CPU.ActiveCfg = Release|Any CPU
		{C66D2105-A2E0-46CD-BF02-AA31992967B7}.Release|Any CPU.Build.0 = Release|Any CPU
	EndGlobalSection
	GlobalSection(SolutionProperties) = preSolution
		HideSolutionNode = FALSE
	EndGlobalSection
	GlobalSection(ExtensibilityGlobals) = postSolution
		SolutionGuid = {92C1E260-99A9-4F0A-9778-28CD017C4138}
	EndGlobalSection
EndGlobal
